github.com/brutella/hc v0.1.0 h1:e04zuiEToKTGfdIP9U4osDKjfKU9p1clPn/7H+YM05A=
github.com/brutella/hc v0.1.0/go.mod h1:fbCz9eq0X1a+UKHQUkfRqACPz1ot6DjbS0CyOi4GayI=
github.com/gosexy/to v0.0.0-20141221203644-c20e083e3123 h1:6Q7VB4v0aEgIE6BtsbJhEH0KgFE0f+FHAxXePQp9Klc=
github.com/gosexy/to v0.0.0-20141221203644-c20e083e3123/go.mod h1:oQuuq9ZkoRpy+2mhINlY3ZrwgywR77yPXmFpP6vCr/w=
github.com/tarm/serial v0.0.0-20180830185346-98f6abe2eb07 h1:UyzmZLoiDWMRywV4DUYb9Fbt8uiOSooupjTq10vpvnU=
github.com/tarm/serial v0.0.0-20180830185346-98f6abe2eb07/go.mod h1:kDXzergiv9cbyO7IOYJZWg1U88JhDg3PB6klq9Hg2pA=
golang.org/x/sys v0.0.0-20190124100055-b90733256f2e h1:3GIlrlVLfkoipSReOMNAgApI0ajnalyLa/EZHHca/XI=
golang.org/x/sys v0.0.0-20190124100055-b90733256f2e/go.mod h1:STP8DvDyc/dI5b8T5hshtkjS+E42TnysNCUPdjciGhY=
